
Microsoft Visual Studio Solution File, Format Version 12.00
# Visual Studio Version 17
VisualStudioVersion = 17.8.35728.64
MinimumVisualStudioVersion = 10.0.40219.1
Project("{8BC9CEB8-8B4A-11D0-8D11-00A0C91BC942}") = "OpenGLRenderer", "OpenGLRenderer\OpenGLRenderer.vcxproj", "{D63A43A0-7E6C-4F68-8C14-B1333252BBA6}"
EndProject
Project("{8BC9CEB8-8B4A-11D0-8D11-00A0C91BC942}") = "Physics2D", "Physics2D\Physics2D.vcxproj", "{20C8C5AE-A425-49C3-BF30-DB488A85013E}"
EndProject
Project("{8BC9CEB8-8B4A-11D0-8D11-00A0C91BC942}") = "Physics3D", "Physics3D\Physics3D.vcxproj", "{CA85AF68-BA37-4467-BEB1-742153003DD1}"
EndProject
Global
	GlobalSection(SolutionConfigurationPlatforms) = preSolution
		Debug|x64 = Debug|x64
		Debug|x86 = Debug|x86
		Release|x64 = Release|x64
		Release|x86 = Release|x86
	EndGlobalSection
	GlobalSection(ProjectConfigurationPlatforms) = postSolution
		{D63A43A0-7E6C-4F68-8C14-B1333252BBA6}.Debug|x64.ActiveCfg = Debug|x64
		{D63A43A0-7E6C-4F68-8C14-B1333252BBA6}.Debug|x64.Build.0 = Debug|x64
		{D63A43A0-7E6C-4F68-8C14-B1333252BBA6}.Debug|x86.ActiveCfg = Debug|Win32
		{D63A43A0-7E6C-4F68-8C14-B1333252BBA6}.Debug|x86.Build.0 = Debug|Win32
		{D63A43A0-7E6C-4F68-8C14-B1333252BBA6}.Release|x64.ActiveCfg = Release|x64
		{D63A43A0-7E6C-4F68-8C14-B1333252BBA6}.Release|x64.Build.0 = Release|x64
		{D63A43A0-7E6C-4F68-8C14-B1333252BBA6}.Release|x86.ActiveCfg = Release|Win32
		{D63A43A0-7E6C-4F68-8C14-B1333252BBA6}.Release|x86.Build.0 = Release|Win32
		{20C8C5AE-A425-49C3-BF30-DB488A85013E}.Debug|x64.ActiveCfg = Debug|x64
		{20C8C5AE-A425-49C3-BF30-DB488A85013E}.Debug|x64.Build.0 = Debug|x64
		{20C8C5AE-A425-49C3-BF30-DB488A85013E}.Debug|x86.ActiveCfg = Debug|Win32
		{20C8C5AE-A425-49C3-BF30-DB488A85013E}.Debug|x86.Build.0 = Debug|Win32
		{20C8C5AE-A425-49C3-BF30-DB488A85013E}.Release|x64.ActiveCfg = Release|x64
		{20C8C5AE-A425-49C3-BF30-DB488A85013E}.Release|x64.Build.0 = Release|x64
		{20C8C5AE-A425-49C3-BF30-DB488A85013E}.Release|x86.ActiveCfg = Release|Win32
		{20C8C5AE-A425-49C3-BF30-DB488A85013E}.Release|x86.Build.0 = Release|Win32
		{CA85AF68-BA37-4467-BEB1-742153003DD1}.Debug|x64.ActiveCfg = Debug|x64
		{CA85AF68-BA37-4467-BEB1-742153003DD1}.Debug|x64.Build.0 = Debug|x64
		{CA85AF68-BA37-4467-BEB1-742153003DD1}.Debug|x86.ActiveCfg = Debug|Win32
		{CA85AF68-BA37-4467-BEB1-742153003DD1}.Debug|x86.Build.0 = Debug|Win32
		{CA85AF68-BA37-4467-BEB1-742153003DD1}.Release|x64.ActiveCfg = Release|x64
		{CA85AF68-BA37-4467-BEB1-742153003DD1}.Release|x64.Build.0 = Release|x64
		{CA85AF68-BA37-4467-BEB1-742153003DD1}.Release|x86.ActiveCfg = Release|Win32
		{CA85AF68-BA37-4467-BEB1-742153003DD1}.Release|x86.Build.0 = Release|Win32
	EndGlobalSection
	GlobalSection(SolutionProperties) = preSolution
		HideSolutionNode = FALSE
	EndGlobalSection
	GlobalSection(ExtensibilityGlobals) = postSolution
		SolutionGuid = {6F7F00E3-5DD0-4440-8C11-B70D2CA988F5}
	EndGlobalSection
EndGlobal
